
Microsoft Visual Studio Solution File, Format Version 12.00
# Visual Studio Version 17
VisualStudioVersion = 17.13.35818.85
MinimumVisualStudioVersion = 10.0.40219.1
Project("{8BC9CEB8-8B4A-11D0-8D11-00A0C91BC942}") = "Tovar_Product", "Tovar_Product\Tovar_Product.vcxproj", "{0A1A72F8-0CD7-486C-9ABB-3A80A03BD48D}"
EndProject
Project("{8BC9CEB8-8B4A-11D0-8D11-00A0C91BC942}") = "G-Test", "G-Test\G-Test.vcxproj", "{5930726B-56AA-42B5-899C-2C1AD5B8597A}"
EndProject
Project("{8BC9CEB8-8B4A-11D0-8D11-00A0C91BC942}") = "MainProgram", "MainProgram\MainProgram.vcxproj", "{BBA07A0B-69CF-4C6E-B1DC-95FDB6480569}"
EndProject
Global
	GlobalSection(SolutionConfigurationPlatforms) = preSolution
		Debug|x64 = Debug|x64
		Debug|x86 = Debug|x86
		Release|x64 = Release|x64
		Release|x86 = Release|x86
	EndGlobalSection
	GlobalSection(ProjectConfigurationPlatforms) = postSolution
		{0A1A72F8-0CD7-486C-9ABB-3A80A03BD48D}.Debug|x64.ActiveCfg = Debug|x64
		{0A1A72F8-0CD7-486C-9ABB-3A80A03BD48D}.Debug|x64.Build.0 = Debug|x64
		{0A1A72F8-0CD7-486C-9ABB-3A80A03BD48D}.Debug|x86.ActiveCfg = Debug|Win32
		{0A1A72F8-0CD7-486C-9ABB-3A80A03BD48D}.Debug|x86.Build.0 = Debug|Win32
		{0A1A72F8-0CD7-486C-9ABB-3A80A03BD48D}.Release|x64.ActiveCfg = Release|x64
		{0A1A72F8-0CD7-486C-9ABB-3A80A03BD48D}.Release|x64.Build.0 = Release|x64
		{0A1A72F8-0CD7-486C-9ABB-3A80A03BD48D}.Release|x86.ActiveCfg = Release|Win32
		{0A1A72F8-0CD7-486C-9ABB-3A80A03BD48D}.Release|x86.Build.0 = Release|Win32
		{5930726B-56AA-42B5-899C-2C1AD5B8597A}.Debug|x64.ActiveCfg = Debug|x64
		{5930726B-56AA-42B5-899C-2C1AD5B8597A}.Debug|x64.Build.0 = Debug|x64
		{5930726B-56AA-42B5-899C-2C1AD5B8597A}.Debug|x86.ActiveCfg = Debug|Win32
		{5930726B-56AA-42B5-899C-2C1AD5B8597A}.Debug|x86.Build.0 = Debug|Win32
		{5930726B-56AA-42B5-899C-2C1AD5B8597A}.Release|x64.ActiveCfg = Release|x64
		{5930726B-56AA-42B5-899C-2C1AD5B8597A}.Release|x64.Build.0 = Release|x64
		{5930726B-56AA-42B5-899C-2C1AD5B8597A}.Release|x86.ActiveCfg = Release|Win32
		{5930726B-56AA-42B5-899C-2C1AD5B8597A}.Release|x86.Build.0 = Release|Win32
		{BBA07A0B-69CF-4C6E-B1DC-95FDB6480569}.Debug|x64.ActiveCfg = Debug|x64
		{BBA07A0B-69CF-4C6E-B1DC-95FDB6480569}.Debug|x64.Build.0 = Debug|x64
		{BBA07A0B-69CF-4C6E-B1DC-95FDB6480569}.Debug|x86.ActiveCfg = Debug|Win32
		{BBA07A0B-69CF-4C6E-B1DC-95FDB6480569}.Debug|x86.Build.0 = Debug|Win32
		{BBA07A0B-69CF-4C6E-B1DC-95FDB6480569}.Release|x64.ActiveCfg = Release|x64
		{BBA07A0B-69CF-4C6E-B1DC-95FDB6480569}.Release|x64.Build.0 = Release|x64
		{BBA07A0B-69CF-4C6E-B1DC-95FDB6480569}.Release|x86.ActiveCfg = Release|Win32
		{BBA07A0B-69CF-4C6E-B1DC-95FDB6480569}.Release|x86.Build.0 = Release|Win32
	EndGlobalSection
	GlobalSection(SolutionProperties) = preSolution
		HideSolutionNode = FALSE
	EndGlobalSection
	GlobalSection(ExtensibilityGlobals) = postSolution
		SolutionGuid = {50CE6906-297E-42C1-A310-2EDA576CF32A}
	EndGlobalSection
EndGlobal
